{
  "requires": true,
  "lockfileVersion": 1,
  "dependencies": {
    "nodejs-websocket": {
      "version": "1.7.2",
      "resolved": "http://registry.npm.taobao.org/nodejs-websocket/download/nodejs-websocket-1.7.2.tgz",
      "integrity": "sha1-lKvR4kj1fU0cZj3sODEBXG2tmKY="
    },
    "socket-io": {
      "version": "1.0.0",
      "resolved": "http://registry.npm.taobao.org/socket-io/download/socket-io-1.0.0.tgz",
      "integrity": "sha1-/FZvTTCmNwIk0H5l3O84a9j10pY="
    }
  }
}
